
Microsoft Visual Studio Solution File, Format Version 12.00
# Visual Studio 15
VisualStudioVersion = 15.0.26730.3
MinimumVisualStudioVersion = 10.0.40219.1
Project("{FAE04EC0-301F-11D3-BF4B-00C04F79EFBC}") = "MarblePuzzle", "MarblePuzzle\MarblePuzzle.csproj", "{BDE9F73F-7D09-4DAE-9347-5F5384D59311}"
EndProject
Global
	GlobalSection(SolutionConfigurationPlatforms) = preSolution
		Debug|Any CPU = Debug|Any CPU
		Release|Any CPU = Release|Any CPU
	EndGlobalSection
	GlobalSection(ProjectConfigurationPlatforms) = postSolution
		{BDE9F73F-7D09-4DAE-9347-5F5384D59311}.Debug|Any CPU.ActiveCfg = Debug|Any CPU
		{BDE9F73F-7D09-4DAE-9347-5F5384D59311}.Debug|Any CPU.Build.0 = Debug|Any CPU
		{BDE9F73F-7D09-4DAE-9347-5F5384D59311}.Release|Any CPU.ActiveCfg = Release|Any CPU
		{BDE9F73F-7D09-4DAE-9347-5F5384D59311}.Release|Any CPU.Build.0 = Release|Any CPU
	EndGlobalSection
	GlobalSection(SolutionProperties) = preSolution
		HideSolutionNode = FALSE
	EndGlobalSection
	GlobalSection(ExtensibilityGlobals) = postSolution
		SolutionGuid = {E32992D4-5F3B-47B3-98CB-BB699E3BC916}
	EndGlobalSection
EndGlobal
